// !$*UTF8*$!
{
	archiveVersion = 1;
	classes = {
	};
	objectVersion = 46;
	objects = {

/* Begin PBXBuildFile section */
		D7C9A1F01D9BD6D800D235DE /* AppDelegate.swift in Sources */ = {isa = PBXBuildFile; fileRef = D7C9A1EF1D9BD6D800D235DE /* AppDelegate.swift */; };
		D7C9A1F21D9BD6D800D235DE /* ViewController.swift in Sources */ = {isa = PBXBuildFile; fileRef = D7C9A1F11D9BD6D800D235DE /* ViewController.swift */; };
		D7C9A1F51D9BD6D800D235DE /* Main.storyboard in Resources */ = {isa = PBXBuildFile; fileRef = D7C9A1F31D9BD6D800D235DE /* Main.storyboard */; };
		D7C9A1F71D9BD6D800D235DE /* Assets.xcassets in Resources */ = {isa = PBXBuildFile; fileRef = D7C9A1F61D9BD6D800D235DE /* Assets.xcassets */; };
		D7C9A1FA1D9BD6D800D235DE /* LaunchScreen.storyboard in Resources */ = {isa = PBXBuildFile; fileRef = D7C9A1F81D9BD6D800D235DE /* LaunchScreen.storyboard */; };
/* End PBXBuildFile section */

/* Begin PBXFileReference section */
		D7C9A1EC1D9BD6D800D235DE /* RetroCalc.app */ = {isa = PBXFileReference; explicitFileType = wrapper.application; includeInIndex = 0; path = RetroCalc.app; sourceTree = BUILT_PRODUCTS_DIR; };
		D7C9A1EF1D9BD6D800D235DE /* AppDelegate.swift */ = {isa = PBXFileReference; lastKnownFileType = sourcecode.swift; path = AppDelegate.swift; sourceTree = "<group>"; };
		D7C9A1F11D9BD6D800D235DE /* ViewController.swift */ = {isa = PBXFileReference; lastKnownFileType = sourcecode.swift; path = ViewController.swift; sourceTree = "<group>"; };
		D7C9A1F41D9BD6D800D235DE /* Base */ = {isa = PBXFileReference; lastKnownFileType = file.storyboard; name = Base; path = Base.lproj/Main.storyboard; sourceTree = "<group>"; };
		D7C9A1F61D9BD6D800D235DE /* Assets.xcassets */ = {isa = PBXFileReference; lastKnownFileType = folder.assetcatalog; path = Assets.xcassets; sourceTree = "<group>"; };
		D7C9A1F91D9BD6D800D235DE /* Base */ = {isa = PBXFileReference; lastKnownFileType = file.storyboard; name = Base; path = Base.lproj/LaunchScreen.storyboard; sourceTree = "<group>"; };
		D7C9A1FB1D9BD6D800D235DE /* Info.plist */ = {isa = PBXFileReference; lastKnownFileType = text.plist.xml; path = Info.plist; sourceTree = "<group>"; };
/* End PBXFileReference section */

/* Begin PBXFrameworksBuildPhase section */
		D7C9A1E91D9BD6D800D235DE /* Frameworks */ = {
			isa = PBXFrameworksBuildPhase;
			buildActionMask = 2147483647;
			files = (
			);
			runOnlyForDeploymentPostprocessing = 0;
		};
/* End PBXFrameworksBuildPhase section */

/* Begin PBXGroup section */
		D7C9A1E31D9BD6D800D235DE = {
			isa = PBXGroup;
			children = (
				D7C9A1EE1D9BD6D800D235DE /* RetroCalc */,
				D7C9A1ED1D9BD6D800D235DE /* Products */,
			);
			sourceTree = "<group>";
		};
		D7C9A1ED1D9BD6D800D235DE /* Products */ = {
			isa = PBXGroup;
			children = (
				D7C9A1EC1D9BD6D800D235DE /* RetroCalc.app */,
			);
			name = Products;
			sourceTree = "<group>";
		};
		D7C9A1EE1D9BD6D800D235DE /* RetroCalc */ = {
			isa = PBXGroup;
			children = (
				D7C9A1EF1D9BD6D800D235DE /* AppDelegate.swift */,
				D7C9A1F11D9BD6D800D235DE /* ViewController.swift */,
				D7C9A1F31D9BD6D800D235DE /* Main.storyboard */,
				D7C9A1F61D9BD6D800D235DE /* Assets.xcassets */,
				D7C9A1F81D9BD6D800D235DE /* LaunchScreen.storyboard */,
				D7C9A1FB1D9BD6D800D235DE /* Info.plist */,
			);
			path = RetroCalc;
			sourceTree = "<group>";
		};
/* End PBXGroup section */

/* Begin PBXNativeTarget section */
		D7C9A1EB1D9BD6D800D235DE /* RetroCalc */ = {
			isa = PBXNativeTarget;
			buildConfigurationList = D7C9A1FE1D9BD6D800D235DE /* Build configuration list for PBXNativeTarget "RetroCalc" */;
			buildPhases = (
				D7C9A1E81D9BD6D800D235DE /* Sources */,
				D7C9A1E91D9BD6D800D235DE /* Frameworks */,
				D7C9A1EA1D9BD6D800D235DE /* Resources */,
			);
			buildRules = (
			);
			dependencies = (
			);
			name = RetroCalc;
			productName = RetroCalc;
			productReference = D7C9A1EC1D9BD6D800D235DE /* RetroCalc.app */;
			productType = "com.apple.product-type.application";
		};
/* End PBXNativeTarget section */

/* Begin PBXProject section */
		D7C9A1E41D9BD6D800D235DE /* Project object */ = {
			isa = PBXProject;
			attributes = {
				LastSwiftUpdateCheck = 0800;
				LastUpgradeCheck = 0800;
				ORGANIZATIONNAME = "Dmytro Fedorov";
				TargetAttributes = {
					D7C9A1EB1D9BD6D800D235DE = {
						CreatedOnToolsVersion = 8.0;
						ProvisioningStyle = Automatic;
					};
				};
			};
			buildConfigurationList = D7C9A1E71D9BD6D800D235DE /* Build configuration list for PBXProject "RetroCalc" */;
			compatibilityVersion = "Xcode 3.2";
			developmentRegion = English;
			hasScannedForEncodings = 0;
			knownRegions = (
				en,
				Base,
			);
			mainGroup = D7C9A1E31D9BD6D800D235DE;
			productRefGroup = D7C9A1ED1D9BD6D800D235DE /* Products */;
			projectDirPath = "";
			projectRoot = "";
			targets = (
				D7C9A1EB1D9BD6D800D235DE /* RetroCalc */,
			);
		};
/* End PBXProject section */

/* Begin PBXResourcesBuildPhase section */
		D7C9A1EA1D9BD6D800D235DE /* Resources */ = {
			isa = PBXResourcesBuildPhase;
			buildActionMask = 2147483647;
			files = (
				D7C9A1FA1D9BD6D800D235DE /* LaunchScreen.storyboard in Resources */,
				D7C9A1F71D9BD6D800D235DE /* Assets.xcassets in Resources */,
				D7C9A1F51D9BD6D800D235DE /* Main.storyboard in Resources */,
			);
			runOnlyForDeploymentPostprocessing = 0;
		};
/* End PBXResourcesBuildPhase section */

/* Begin PBXSourcesBuildPhase section */
		D7C9A1E81D9BD6D800D235DE /* Sources */ = {
			isa = PBXSourcesBuildPhase;
			buildActionMask = 2147483647;
			files = (
				D7C9A1F21D9BD6D800D235DE /* ViewController.swift in Sources */,
				D7C9A1F01D9BD6D800D235DE /* AppDelegate.swift in Sources */,
			);
			runOnlyForDeploymentPostprocessing = 0;
		};
/* End PBXSourcesBuildPhase section */

/* Begin PBXVariantGroup section */
		D7C9A1F31D9BD6D800D235DE /* Main.storyboard */ = {
			isa = PBXVariantGroup;
			children = (
				D7C9A1F41D9BD6D800D235DE /* Base */,
			);
			name = Main.storyboard;
			sourceTree = "<group>";
		};
		D7C9A1F81D9BD6D800D235DE /* LaunchScreen.storyboard */ = {
			isa = PBXVariantGroup;
			children = (
				D7C9A1F91D9BD6D800D235DE /* Base */,
			);
			name = LaunchScreen.storyboard;
			sourceTree = "<group>";
		};
/* End PBXVariantGroup section */

/* Begin XCBuildConfiguration section */
		D7C9A1FC1D9BD6D800D235DE /* Debug */ = {
			isa = XCBuildConfiguration;
			buildSettings = {
				ALWAYS_SEARCH_USER_PATHS = NO;
				CLANG_ANALYZER_NONNULL = YES;
				CLANG_CXX_LANGUAGE_STANDARD = "gnu++0x";
				CLANG_CXX_LIBRARY = "libc++";
				CLANG_ENABLE_MODULES = YES;
				CLANG_ENABLE_OBJC_ARC = YES;
				CLANG_WARN_BOOL_CONVERSION = YES;
				CLANG_WARN_CONSTANT_CONVERSION = YES;
				CLANG_WARN_DIRECT_OBJC_ISA_USAGE = YES_ERROR;
				CLANG_WARN_DOCUMENTATION_COMMENTS = YES;
				CLANG_WARN_EMPTY_BODY = YES;
				CLANG_WARN_ENUM_CONVERSION = YES;
				CLANG_WARN_INFINITE_RECURSION = YES;
				CLANG_WARN_INT_CONVERSION = YES;
				CLANG_WARN_OBJC_ROOT_CLASS = YES_ERROR;
				CLANG_WARN_SUSPICIOUS_MOVES = YES;
				CLANG_WARN_UNREACHABLE_CODE = YES;
				CLANG_WARN__DUPLICATE_METHOD_MATCH = YES;
				"CODE_SIGN_IDENTITY[sdk=iphoneos*]" = "iPhone Developer";
				COPY_PHASE_STRIP = NO;
				DEBUG_INFORMATION_FORMAT = dwarf;
				ENABLE_STRICT_OBJC_MSGSEND = YES;
				ENABLE_TESTABILITY = YES;
				GCC_C_LANGUAGE_STANDARD = gnu99;
				GCC_DYNAMIC_NO_PIC = NO;
				GCC_NO_COMMON_BLOCKS = YES;
				GCC_OPTIMIZATION_LEVEL = 0;
				GCC_PREPROCESSOR_DEFINITIONS = (
					"DEBUG=1",
					"$(inherited)",
				);
				GCC_WARN_64_TO_32_BIT_CONVERSION = YES;
				GCC_WARN_ABOUT_RETURN_TYPE = YES_ERROR;
				GCC_WARN_UNDECLARED_SELECTOR = YES;
				GCC_WARN_UNINITIALIZED_AUTOS = YES_AGGRESSIVE;
				GCC_WARN_UNUSED_FUNCTION = YES;
				GCC_WARN_UNUSED_VARIABLE = YES;
				IPHONEOS_DEPLOYMENT_TARGET = 10.0;
				MTL_ENABLE_DEBUG_INFO = YES;
				ONLY_ACTIVE_ARCH = YES;
				SDKROOT = iphoneos;
				SWIFT_ACTIVE_COMPILATION_CONDITIONS = DEBUG;
				SWIFT_OPTIMIZATION_LEVEL = "-Onone";
				TARGETED_DEVICE_FAMILY = "1,2";
			};
			name = Debug;
		};
		D7C9A1FD1D9BD6D800D235DE /* Release */ = {
			isa = XCBuildConfiguration;
			buildSettings = {
				ALWAYS_SEARCH_USER_PATHS = NO;
				CLANG_ANALYZER_NONNULL = YES;
				CLANG_CXX_LANGUAGE_STANDARD = "gnu++0x";
				CLANG_CXX_LIBRARY = "libc++";
				CLANG_ENABLE_MODULES = YES;
				CLANG_ENABLE_OBJC_ARC = YES;
				CLANG_WARN_BOOL_CONVERSION = YES;
				CLANG_WARN_CONSTANT_CONVERSION = YES;
				CLANG_WARN_DIRECT_OBJC_ISA_USAGE = YES_ERROR;
				CLANG_WARN_DOCUMENTATION_COMMENTS = YES;
				CLANG_WARN_EMPTY_BODY = YES;
				CLANG_WARN_ENUM_CONVERSION = YES;
				CLANG_WARN_INFINITE_RECURSION = YES;
				CLANG_WARN_INT_CONVERSION = YES;
				CLANG_WARN_OBJC_ROOT_CLASS = YES_ERROR;
				CLANG_WARN_SUSPICIOUS_MOVES = YES;
				CLANG_WARN_UNREACHABLE_CODE = YES;
				CLANG_WARN__DUPLICATE_METHOD_MATCH = YES;
				"CODE_SIGN_IDENTITY[sdk=iphoneos*]" = "iPhone Developer";
				COPY_PHASE_STRIP = NO;
				DEBUG_INFORMATION_FORMAT = "dwarf-with-dsym";
				ENABLE_NS_ASSERTIONS = NO;
				ENABLE_STRICT_OBJC_MSGSEND = YES;
				GCC_C_LANGUAGE_STANDARD = gnu99;
				GCC_NO_COMMON_BLOCKS = YES;
				GCC_WARN_64_TO_32_BIT_CONVERSION = YES;
				GCC_WARN_ABOUT_RETURN_TYPE = YES_ERROR;
				GCC_WARN_UNDECLARED_SELECTOR = YES;
				GCC_WARN_UNINITIALIZED_AUTOS = YES_AGGRESSIVE;
				GCC_WARN_UNUSED_FUNCTION = YES;
				GCC_WARN_UNUSED_VARIABLE = YES;
				IPHONEOS_DEPLOYMENT_TARGET = 10.0;
				MTL_ENABLE_DEBUG_INFO = NO;
				SDKROOT = iphoneos;
				SWIFT_OPTIMIZATION_LEVEL = "-Owholemodule";
				TARGETED_DEVICE_FAMILY = "1,2";
				VALIDATE_PRODUCT = YES;
			};
			name = Release;
		};
		D7C9A1FF1D9BD6D800D235DE /* Debug */ = {
			isa = XCBuildConfiguration;
			buildSettings = {
				ASSETCATALOG_COMPILER_APPICON_NAME = AppIcon;
				INFOPLIST_FILE = RetroCalc/Info.plist;
				LD_RUNPATH_SEARCH_PATHS = "$(inherited) @executable_path/Frameworks";
				PRODUCT_BUNDLE_IDENTIFIER = sample.RetroCalc;
				PRODUCT_NAME = "$(TARGET_NAME)";
				SWIFT_VERSION = 3.0;
			};
			name = Debug;
		};
		D7C9A2001D9BD6D800D235DE /* Release */ = {
			isa = XCBuildConfiguration;
			buildSettings = {
				ASSETCATALOG_COMPILER_APPICON_NAME = AppIcon;
				INFOPLIST_FILE = RetroCalc/Info.plist;
				LD_RUNPATH_SEARCH_PATHS = "$(inherited) @executable_path/Frameworks";
				PRODUCT_BUNDLE_IDENTIFIER = sample.RetroCalc;
				PRODUCT_NAME = "$(TARGET_NAME)";
				SWIFT_VERSION = 3.0;
			};
			name = Release;
		};
/* End XCBuildConfiguration section */

/* Begin XCConfigurationList section */
		D7C9A1E71D9BD6D800D235DE /* Build configuration list for PBXProject "RetroCalc" */ = {
			isa = XCConfigurationList;
			buildConfigurations = (
				D7C9A1FC1D9BD6D800D235DE /* Debug */,
				D7C9A1FD1D9BD6D800D235DE /* Release */,
			);
			defaultConfigurationIsVisible = 0;
			defaultConfigurationName = Release;
		};
		D7C9A1FE1D9BD6D800D235DE /* Build configuration list for PBXNativeTarget "RetroCalc" */ = {
			isa = XCConfigurationList;
			buildConfigurations = (
				D7C9A1FF1D9BD6D800D235DE /* Debug */,
				D7C9A2001D9BD6D800D235DE /* Release */,
			);
			defaultConfigurationIsVisible = 0;
		};
/* End XCConfigurationList section */
	};
	rootObject = D7C9A1E41D9BD6D800D235DE /* Project object */;
}
